
Microsoft Visual Studio Solution File, Format Version 12.00
# Visual Studio Version 17
VisualStudioVersion = 17.0.32126.317
MinimumVisualStudioVersion = 10.0.40219.1
Project("{FAE04EC0-301F-11D3-BF4B-00C04F79EFBC}") = "Assignment 2", "Assignment 2\Assignment 2.csproj", "{FA35D443-1143-4DB6-8E68-6AC62D877291}"
EndProject
Global
	GlobalSection(SolutionConfigurationPlatforms) = preSolution
		Debug|Any CPU = Debug|Any CPU
		Release|Any CPU = Release|Any CPU
	EndGlobalSection
	GlobalSection(ProjectConfigurationPlatforms) = postSolution
		{FA35D443-1143-4DB6-8E68-6AC62D877291}.Debug|Any CPU.ActiveCfg = Debug|Any CPU
		{FA35D443-1143-4DB6-8E68-6AC62D877291}.Debug|Any CPU.Build.0 = Debug|Any CPU
		{FA35D443-1143-4DB6-8E68-6AC62D877291}.Release|Any CPU.ActiveCfg = Release|Any CPU
		{FA35D443-1143-4DB6-8E68-6AC62D877291}.Release|Any CPU.Build.0 = Release|Any CPU
	EndGlobalSection
	GlobalSection(SolutionProperties) = preSolution
		HideSolutionNode = FALSE
	EndGlobalSection
	GlobalSection(ExtensibilityGlobals) = postSolution
		SolutionGuid = {99EBA72A-9647-4716-8937-3B22E8703011}
	EndGlobalSection
EndGlobal
